
Microsoft Visual Studio Solution File, Format Version 12.00
# Visual Studio 15
VisualStudioVersion = 15.0.28010.2003
MinimumVisualStudioVersion = 10.0.40219.1
Project("{8BC9CEB8-8B4A-11D0-8D11-00A0C91BC942}") = "HK_Drone_Skynet", "HK_Drone_Skynet\HK_Drone_Skynet.vcxproj", "{4688930E-9D9A-412A-BBED-3167778EDCA2}"
EndProject
Global
	GlobalSection(SolutionConfigurationPlatforms) = preSolution
		Debug|x64 = Debug|x64
		Debug|x86 = Debug|x86
		Release|x64 = Release|x64
		Release|x86 = Release|x86
	EndGlobalSection
	GlobalSection(ProjectConfigurationPlatforms) = postSolution
		{4688930E-9D9A-412A-BBED-3167778EDCA2}.Debug|x64.ActiveCfg = Debug|x64
		{4688930E-9D9A-412A-BBED-3167778EDCA2}.Debug|x64.Build.0 = Debug|x64
		{4688930E-9D9A-412A-BBED-3167778EDCA2}.Debug|x86.ActiveCfg = Debug|Win32
		{4688930E-9D9A-412A-BBED-3167778EDCA2}.Debug|x86.Build.0 = Debug|Win32
		{4688930E-9D9A-412A-BBED-3167778EDCA2}.Release|x64.ActiveCfg = Release|x64
		{4688930E-9D9A-412A-BBED-3167778EDCA2}.Release|x64.Build.0 = Release|x64
		{4688930E-9D9A-412A-BBED-3167778EDCA2}.Release|x86.ActiveCfg = Release|Win32
		{4688930E-9D9A-412A-BBED-3167778EDCA2}.Release|x86.Build.0 = Release|Win32
	EndGlobalSection
	GlobalSection(SolutionProperties) = preSolution
		HideSolutionNode = FALSE
	EndGlobalSection
	GlobalSection(ExtensibilityGlobals) = postSolution
		SolutionGuid = {B5E6AC58-4353-4947-A4F3-97125E12CBD5}
	EndGlobalSection
EndGlobal
